
Microsoft Visual Studio Solution File, Format Version 12.00
# Visual Studio Version 17
VisualStudioVersion = 17.6.33815.320
MinimumVisualStudioVersion = 10.0.40219.1
Project("{8BC9CEB8-8B4A-11D0-8D11-00A0C91BC942}") = "HW#111", "HW#111.vcxproj", "{33F4DEEA-86C9-4422-8556-CB41CB49FC5D}"
EndProject
Global
	GlobalSection(SolutionConfigurationPlatforms) = preSolution
		Debug|x64 = Debug|x64
		Debug|x86 = Debug|x86
		Release|x64 = Release|x64
		Release|x86 = Release|x86
	EndGlobalSection
	GlobalSection(ProjectConfigurationPlatforms) = postSolution
		{33F4DEEA-86C9-4422-8556-CB41CB49FC5D}.Debug|x64.ActiveCfg = Debug|x64
		{33F4DEEA-86C9-4422-8556-CB41CB49FC5D}.Debug|x64.Build.0 = Debug|x64
		{33F4DEEA-86C9-4422-8556-CB41CB49FC5D}.Debug|x86.ActiveCfg = Debug|Win32
		{33F4DEEA-86C9-4422-8556-CB41CB49FC5D}.Debug|x86.Build.0 = Debug|Win32
		{33F4DEEA-86C9-4422-8556-CB41CB49FC5D}.Release|x64.ActiveCfg = Release|x64
		{33F4DEEA-86C9-4422-8556-CB41CB49FC5D}.Release|x64.Build.0 = Release|x64
		{33F4DEEA-86C9-4422-8556-CB41CB49FC5D}.Release|x86.ActiveCfg = Release|Win32
		{33F4DEEA-86C9-4422-8556-CB41CB49FC5D}.Release|x86.Build.0 = Release|Win32
	EndGlobalSection
	GlobalSection(SolutionProperties) = preSolution
		HideSolutionNode = FALSE
	EndGlobalSection
	GlobalSection(ExtensibilityGlobals) = postSolution
		SolutionGuid = {6B720039-D4F2-48EE-B84B-77DF49DCDB81}
	EndGlobalSection
EndGlobal
